{
  "lockfileVersion": 1,
  "configVersion": 1,
  "workspaces": {
    "": {
      "name": "bun-react-template",
      "dependencies": {
        "bun-plugin-tailwind": "^0.1.2",
        "pixi.js": "^8.14.3",
        "react": "^19.2.0",
        "react-dom": "^19.2.0",
        "tailwindcss": "^4.1.17",
        "unique-names-generator": "^4.7.1",
        "zustand": "^5.0.8",
      },
      "devDependencies": {
        "@types/bun": "latest",
        "@types/react": "^19.2.7",
        "@types/react-dom": "^19.2.3",
        "@typescript/native-preview": "^7.0.0-dev.20260409.1",
        "oxlint": "^1.59.0",
        "oxlint-tsgolint": "^0.20.0",
      },
    },
  },
  "packages": {
    "@oven/bun-darwin-aarch64": ["@oven/bun-darwin-aarch64@1.3.2", "", { "os": "darwin", "cpu": "arm64" }, "sha512-licBDIbbLP5L5/S0+bwtJynso94XD3KyqSP48K59Sq7Mude6C7dR5ZujZm4Ut4BwZqUFfNOfYNMWBU5nlL7t1A=="],

    "@oven/bun-darwin-x64": ["@oven/bun-darwin-x64@1.3.2", "", { "os": "darwin", "cpu": "x64" }, "sha512-hn8lLzsYyyh6ULo2E8v2SqtrWOkdQKJwapeVy1rDw7juTTeHY3KDudGWf4mVYteC9riZU6HD88Fn3nGwyX0eIg=="],

    "@oven/bun-darwin-x64-baseline": ["@oven/bun-darwin-x64-baseline@1.3.2", "", { "os": "darwin", "cpu": "x64" }, "sha512-UHxdtbyxdtNJUNcXtIrjx3Lmq8ji3KywlXtIHV/0vn9A8W5mulqOcryqUWMFVH9JTIIzmNn6Q/qVmXHTME63Ww=="],

    "@oven/bun-linux-aarch64": ["@oven/bun-linux-aarch64@1.3.2", "", { "os": "linux", "cpu": "arm64" }, "sha512-5uZzxzvHU/z+3cZwN/A0H8G+enQ+9FkeJVZkE2fwK2XhiJZFUGAuWajCpy7GepvOWlqV7VjPaKi2+Qmr4IX7nQ=="],

    "@oven/bun-linux-aarch64-musl": ["@oven/bun-linux-aarch64-musl@1.3.2", "", { "os": "linux", "cpu": "arm64" }, "sha512-OD9DYkjes7WXieBn4zQZGXWhRVZhIEWMDGCetZ3H4vxIuweZ++iul/CNX5jdpNXaJ17myb1ROMvmRbrqW44j3w=="],

    "@oven/bun-linux-x64": ["@oven/bun-linux-x64@1.3.2", "", { "os": "linux", "cpu": "x64" }, "sha512-EoEuRP9bxAxVKuvi6tZ0ZENjueP4lvjz0mKsMzdG0kwg/2apGKiirH1l0RIcdmvfDGGuDmNiv/XBpkoXq1x8ug=="],

    "@oven/bun-linux-x64-baseline": ["@oven/bun-linux-x64-baseline@1.3.2", "", { "os": "linux", "cpu": "x64" }, "sha512-m9Ov9YH8KjRLui87eNtQQFKVnjGsNk3xgbrR9c8d2FS3NfZSxmVjSeBvEsDjzNf1TXLDriHb/NYOlpiMf/QzDg=="],

    "@oven/bun-linux-x64-musl": ["@oven/bun-linux-x64-musl@1.3.2", "", { "os": "linux", "cpu": "x64" }, "sha512-3TuOsRVoG8K+soQWRo+Cp5ACpRs6rTFSu5tAqc/6WrqwbNWmqjov/eWJPTgz3gPXnC7uNKVG7RxxAmV8r2EYTQ=="],

    "@oven/bun-linux-x64-musl-baseline": ["@oven/bun-linux-x64-musl-baseline@1.3.2", "", { "os": "linux", "cpu": "x64" }, "sha512-q8Hto8hcpofPJjvuvjuwyYvhOaAzPw1F5vRUUeOJDmDwZ4lZhANFM0rUwchMzfWUJCD6jg8/EVQ8MiixnZWU0A=="],

    "@oven/bun-windows-x64": ["@oven/bun-windows-x64@1.3.2", "", { "os": "win32", "cpu": "x64" }, "sha512-nZJUa5NprPYQ4Ii4cMwtP9PzlJJTp1XhxJ+A9eSn1Jfr6YygVWyN2KLjenyI93IcuBouBAaepDAVZZjH2lFBhg=="],

    "@oven/bun-windows-x64-baseline": ["@oven/bun-windows-x64-baseline@1.3.2", "", { "os": "win32", "cpu": "x64" }, "sha512-s00T99MjB+xLOWq+t+wVaVBrry+oBOZNiTJijt+bmkp/MJptYS3FGvs7a+nkjLNzoNDoWQcXgKew6AaHES37Bg=="],

    "@oxlint-tsgolint/darwin-arm64": ["@oxlint-tsgolint/darwin-arm64@0.20.0", "", { "os": "darwin", "cpu": "arm64" }, "sha512-KKQcIHZHMxqpHUA1VXIbOG6chNCFkUWbQy6M+AFVtPKkA/3xAeJkJ3njoV66bfzwPHRcWQO+kcj5XqtbkjakoA=="],

    "@oxlint-tsgolint/darwin-x64": ["@oxlint-tsgolint/darwin-x64@0.20.0", "", { "os": "darwin", "cpu": "x64" }, "sha512-7HeVMuclGfG+NLZi2ybY0T4fMI7/XxO/208rJk+zEIloKkVnlh11Wd241JMGwgNFXn+MLJbOqOfojDb2Dt4L1g=="],

    "@oxlint-tsgolint/linux-arm64": ["@oxlint-tsgolint/linux-arm64@0.20.0", "", { "os": "linux", "cpu": "arm64" }, "sha512-zxhUwz+WSxE6oWlZLK2z2ps9yC6ebmgoYmjAl0Oa48+GqkZ56NVgo+wb8DURNv6xrggzHStQxqQxe3mK51HZag=="],

    "@oxlint-tsgolint/linux-x64": ["@oxlint-tsgolint/linux-x64@0.20.0", "", { "os": "linux", "cpu": "x64" }, "sha512-/1l6FnahC9im8PK+Ekkx/V3yetO/PzZnJegE2FXcv/iXEhbeVxP/ouiTYcUQu9shT1FWJCSNti1VJHH+21Y1dg=="],

    "@oxlint-tsgolint/win32-arm64": ["@oxlint-tsgolint/win32-arm64@0.20.0", "", { "os": "win32", "cpu": "arm64" }, "sha512-oPZ5Yz8sVdo7P/5q+i3IKeix31eFZ55JAPa1+RGPoe9PoaYVsdMvR6Jvib6YtrqoJnFPlg3fjEjlEPL8VBKYJA=="],

    "@oxlint-tsgolint/win32-x64": ["@oxlint-tsgolint/win32-x64@0.20.0", "", { "os": "win32", "cpu": "x64" }, "sha512-4stx8RHj3SP9vQyRF/yZbz5igtPvYMEUR8CUoha4BVNZihi39DpCR8qkU7lpjB5Ga1DRMo2pHaA4bdTOMaY4mw=="],

    "@oxlint/binding-android-arm-eabi": ["@oxlint/binding-android-arm-eabi@1.59.0", "", { "os": "android", "cpu": "arm" }, "sha512-etYDw/UaEv936AQUd/CRMBVd+e+XuuU6wC+VzOv1STvsTyZenLChepLWqLtnyTTp4YMlM22ypzogDDwqYxv5cg=="],

    "@oxlint/binding-android-arm64": ["@oxlint/binding-android-arm64@1.59.0", "", { "os": "android", "cpu": "arm64" }, "sha512-TgLc7XVLKH2a4h8j3vn1MDjfK33i9MY60f/bKhRGWyVzbk5LCZ4X01VZG7iHrMmi5vYbAp8//Ponigx03CLsdw=="],

    "@oxlint/binding-darwin-arm64": ["@oxlint/binding-darwin-arm64@1.59.0", "", { "os": "darwin", "cpu": "arm64" }, "sha512-DXyFPf5ZKldMLloRHx/B9fsxsiTQomaw7cmEW3YIJko2HgCh+GUhp9gGYwHrqlLJPsEe3dYj9JebjX92D3j3AA=="],

    "@oxlint/binding-darwin-x64": ["@oxlint/binding-darwin-x64@1.59.0", "", { "os": "darwin", "cpu": "x64" }, "sha512-LgvrsdgVLX1qWqIEmNsSmMXJhpAWdtUQ0M+oR0CySwi+9IHWyOGuIL8w8+u/kbZNMyZr4WUyYB5i0+D+AKgkLg=="],

    "@oxlint/binding-freebsd-x64": ["@oxlint/binding-freebsd-x64@1.59.0", "", { "os": "freebsd", "cpu": "x64" }, "sha512-bOJhqX/ny4hrFuTPlyk8foSRx/vLRpxJh0jOOKN2NWW6FScXHPAA5rQbrwdQPcgGB5V8Ua51RS03fke8ssBcug=="],

    "@oxlint/binding-linux-arm-gnueabihf": ["@oxlint/binding-linux-arm-gnueabihf@1.59.0", "", { "os": "linux", "cpu": "arm" }, "sha512-vVUXxYMF9trXCsz4m9H6U0IjehosVHxBzVgJUxly1uz4W1PdDyicaBnpC0KRXsHYretLVe+uS9pJy8iM57Kujw=="],

    "@oxlint/binding-linux-arm-musleabihf": ["@oxlint/binding-linux-arm-musleabihf@1.59.0", "", { "os": "linux", "cpu": "arm" }, "sha512-TULQW8YBPGRWg5yZpFPL54HLOnJ3/HiX6VenDPi6YfxB/jlItwSMFh3/hCeSNbh+DAMaE1Py0j5MOaivHkI/9Q=="],

    "@oxlint/binding-linux-arm64-gnu": ["@oxlint/binding-linux-arm64-gnu@1.59.0", "", { "os": "linux", "cpu": "arm64" }, "sha512-Gt54Y4eqSgYJ90xipm24xeyaPV854706o/kiT8oZvUt3VDY7qqxdqyGqchMaujd87ib+/MXvnl9WkK8Cc1BExg=="],

    "@oxlint/binding-linux-arm64-musl": ["@oxlint/binding-linux-arm64-musl@1.59.0", "", { "os": "linux", "cpu": "arm64" }, "sha512-3CtsKp7NFB3OfqQzbuAecrY7GIZeiv7AD+xutU4tefVQzlfmTI7/ygWLrvkzsDEjTlMq41rYHxgsn6Yh8tybmA=="],

    "@oxlint/binding-linux-ppc64-gnu": ["@oxlint/binding-linux-ppc64-gnu@1.59.0", "", { "os": "linux", "cpu": "ppc64" }, "sha512-K0diOpT3ncDmOfl9I1HuvpEsAuTxkts0VYwIv/w6Xiy9CdwyPBVX88Ga9l8VlGgMrwBMnSY4xIvVlVY/fkQk7Q=="],

    "@oxlint/binding-linux-riscv64-gnu": ["@oxlint/binding-linux-riscv64-gnu@1.59.0", "", { "os": "linux", "cpu": "none" }, "sha512-xAU7+QDU6kTJJ7mJLOGgo7oOjtAtkKyFZ0Yjdb5cEo3DiCCPFLvyr08rWiQh6evZ7RiUTf+o65NY/bqttzJiQQ=="],

    "@oxlint/binding-linux-riscv64-musl": ["@oxlint/binding-linux-riscv64-musl@1.59.0", "", { "os": "linux", "cpu": "none" }, "sha512-KUmZmKlTTyauOnvUNVxK7G40sSSx0+w5l1UhaGsC6KPpOYHenx2oqJTnabmpLJicok7IC+3Y6fXAUOMyexaeJQ=="],

    "@oxlint/binding-linux-s390x-gnu": ["@oxlint/binding-linux-s390x-gnu@1.59.0", "", { "os": "linux", "cpu": "s390x" }, "sha512-4usRxC8gS0PGdkHnRmwJt/4zrQNZyk6vL0trCxwZSsAKM+OxhB8nKiR+mhjdBbl8lbMh2gc3bZpNN/ik8c4c2A=="],

    "@oxlint/binding-linux-x64-gnu": ["@oxlint/binding-linux-x64-gnu@1.59.0", "", { "os": "linux", "cpu": "x64" }, "sha512-s/rNE2gDmbwAOOP493xk2X7M8LZfI1LJFSSW1+yanz3vuQCFPiHkx4GY+O1HuLUDtkzGlhtMrIcxxzyYLv308w=="],

    "@oxlint/binding-linux-x64-musl": ["@oxlint/binding-linux-x64-musl@1.59.0", "", { "os": "linux", "cpu": "x64" }, "sha512-+yYj1udJa2UvvIUmEm0IcKgc0UlPMgz0nsSTvkPL2y6n0uU5LgIHSwVu4AHhrve6j9BpVSoRksnz8c9QcvITJA=="],

    "@oxlint/binding-openharmony-arm64": ["@oxlint/binding-openharmony-arm64@1.59.0", "", { "os": "none", "cpu": "arm64" }, "sha512-bUplUb48LYsB3hHlQXP2ZMOenpieWoOyppLAnnAhuPag3MGPnt+7caxE3w/Vl9wpQsTA3gzLntQi9rxWrs7Xqg=="],

    "@oxlint/binding-win32-arm64-msvc": ["@oxlint/binding-win32-arm64-msvc@1.59.0", "", { "os": "win32", "cpu": "arm64" }, "sha512-/HLsLuz42rWl7h7ePdmMTpHm2HIDmPtcEMYgm5BBEHiEiuNOrzMaUpd2z7UnNni5LGN9obJy2YoAYBLXQwazrA=="],

    "@oxlint/binding-win32-ia32-msvc": ["@oxlint/binding-win32-ia32-msvc@1.59.0", "", { "os": "win32", "cpu": "ia32" }, "sha512-rUPy+JnanpPwV/aJCPnxAD1fW50+XPI0VkWr7f0vEbqcdsS8NpB24Rw6RsS7SdpFv8Dw+8ugCwao5nCFbqOUSg=="],

    "@oxlint/binding-win32-x64-msvc": ["@oxlint/binding-win32-x64-msvc@1.59.0", "", { "os": "win32", "cpu": "x64" }, "sha512-xkE7puteDS/vUyRngLXW0t8WgdWoS/tfxXjhP/P7SMqPDx+hs44SpssO3h3qmTqECYEuXBUPzcAw5257Ka+ofA=="],

    "@pixi/colord": ["@pixi/colord@2.9.6", "", {}, "sha512-nezytU2pw587fQstUu1AsJZDVEynjskwOL+kibwcdxsMBFqPsFFNA7xl0ii/gXuDi6M0xj3mfRJj8pBSc2jCfA=="],

    "@types/bun": ["@types/bun@1.3.3", "", { "dependencies": { "bun-types": "1.3.3" } }, "sha512-ogrKbJ2X5N0kWLLFKeytG0eHDleBYtngtlbu9cyBKFtNL3cnpDZkNdQj8flVf6WTZUX5ulI9AY1oa7ljhSrp+g=="],

    "@types/css-font-loading-module": ["@types/css-font-loading-module@0.0.12", "", {}, "sha512-x2tZZYkSxXqWvTDgveSynfjq/T2HyiZHXb00j/+gy19yp70PHCizM48XFdjBCWH7eHBD0R5i/pw9yMBP/BH5uA=="],

    "@types/earcut": ["@types/earcut@3.0.0", "", {}, "sha512-k/9fOUGO39yd2sCjrbAJvGDEQvRwRnQIZlBz43roGwUZo5SHAmyVvSFyaVVZkicRVCaDXPKlbxrUcBuJoSWunQ=="],

    "@types/node": ["@types/node@24.10.1", "", { "dependencies": { "undici-types": "~7.16.0" } }, "sha512-GNWcUTRBgIRJD5zj+Tq0fKOJ5XZajIiBroOF0yvj2bSU1WvNdYS/dn9UxwsujGW4JX06dnHyjV2y9rRaybH0iQ=="],

    "@types/react": ["@types/react@19.2.7", "", { "dependencies": { "csstype": "^3.2.2" } }, "sha512-MWtvHrGZLFttgeEj28VXHxpmwYbor/ATPYbBfSFZEIRK0ecCFLl2Qo55z52Hss+UV9CRN7trSeq1zbgx7YDWWg=="],

    "@types/react-dom": ["@types/react-dom@19.2.3", "", { "peerDependencies": { "@types/react": "^19.2.0" } }, "sha512-jp2L/eY6fn+KgVVQAOqYItbF0VY/YApe5Mz2F0aykSO8gx31bYCZyvSeYxCHKvzHG5eZjc+zyaS5BrBWya2+kQ=="],

    "@typescript/native-preview": ["@typescript/native-preview@7.0.0-dev.20260409.1", "", { "optionalDependencies": { "@typescript/native-preview-darwin-arm64": "7.0.0-dev.20260409.1", "@typescript/native-preview-darwin-x64": "7.0.0-dev.20260409.1", "@typescript/native-preview-linux-arm": "7.0.0-dev.20260409.1", "@typescript/native-preview-linux-arm64": "7.0.0-dev.20260409.1", "@typescript/native-preview-linux-x64": "7.0.0-dev.20260409.1", "@typescript/native-preview-win32-arm64": "7.0.0-dev.20260409.1", "@typescript/native-preview-win32-x64": "7.0.0-dev.20260409.1" }, "bin": { "tsgo": "bin/tsgo.js" } }, "sha512-CV1HEMGo1xCySwUJbCQOF+mmrTue8KTJ1Od2kKWhcbOpu8fPBfaqIpbAM6tGLcNEykEjMMTYHc/VTLbMgxdScQ=="],

    "@typescript/native-preview-darwin-arm64": ["@typescript/native-preview-darwin-arm64@7.0.0-dev.20260409.1", "", { "os": "darwin", "cpu": "arm64" }, "sha512-GcRRnaoeZVrbC47woQ/2t3vPoQcTSjsWPEAQGtwNSdw7Z9TKxG4ES22ghJIQXd3ncTRCMJ+XELnnuqxVutkJ9w=="],

    "@typescript/native-preview-darwin-x64": ["@typescript/native-preview-darwin-x64@7.0.0-dev.20260409.1", "", { "os": "darwin", "cpu": "x64" }, "sha512-7s8DXAa0Xpu/8PEjYIc4I36Ju7eVpoz9k3E+3WQdOF8pIPWYohiOj+zi68m9XYQck+rnkjUFo26ThVKqVetoMA=="],

    "@typescript/native-preview-linux-arm": ["@typescript/native-preview-linux-arm@7.0.0-dev.20260409.1", "", { "os": "linux", "cpu": "arm" }, "sha512-fOa07JBUXQpEPq+024g346inYZ2xp63ELuoRq6J0jwDWQ/ftCCuvdQNMncwFhsm1qlMdKT3S68NrnSxX16hiaw=="],

    "@typescript/native-preview-linux-arm64": ["@typescript/native-preview-linux-arm64@7.0.0-dev.20260409.1", "", { "os": "linux", "cpu": "arm64" }, "sha512-cGTzTUqRGlIDwdtkDy6qTrvrqpe27W4CdgnFn0FpxpiWnaIi3wqjlzQ1grtqrqainw/yuPy5hn/I86sQgN6nvA=="],

    "@typescript/native-preview-linux-x64": ["@typescript/native-preview-linux-x64@7.0.0-dev.20260409.1", "", { "os": "linux", "cpu": "x64" }, "sha512-lQrbc/BJKBxQrR1ttBDU5sYY1Hb2moFQgHL20T6nbapNqGpK4pzy64p+NK39O93D4omiCSk04pkchBCVrMPSAg=="],

    "@typescript/native-preview-win32-arm64": ["@typescript/native-preview-win32-arm64@7.0.0-dev.20260409.1", "", { "os": "win32", "cpu": "arm64" }, "sha512-kmCafMo1xZlYx+9WnfpeZJ2tnB/CcJdR8QPX7j9vqcpe51D7b7Intmr921dD48KGpVh5YgjQ1MEFE5mjGqGMaA=="],

    "@typescript/native-preview-win32-x64": ["@typescript/native-preview-win32-x64@7.0.0-dev.20260409.1", "", { "os": "win32", "cpu": "x64" }, "sha512-WRd+JpQipTsE15QgYr3w7J0f1NKvGcq2QEgmcq8hB0WZA1X2WhQopNu+MpPQ3tdDD42VjMhm8ZoB8HpuOoXK5w=="],

    "@webgpu/types": ["@webgpu/types@0.1.66", "", {}, "sha512-YA2hLrwLpDsRueNDXIMqN9NTzD6bCDkuXbOSe0heS+f8YE8usA6Gbv1prj81pzVHrbaAma7zObnIC+I6/sXJgA=="],

    "@xmldom/xmldom": ["@xmldom/xmldom@0.8.11", "", {}, "sha512-cQzWCtO6C8TQiYl1ruKNn2U6Ao4o4WBBcbL61yJl84x+j5sOWWFU9X7DpND8XZG3daDppSsigMdfAIl2upQBRw=="],

    "bun": ["bun@1.3.2", "", { "optionalDependencies": { "@oven/bun-darwin-aarch64": "1.3.2", "@oven/bun-darwin-x64": "1.3.2", "@oven/bun-darwin-x64-baseline": "1.3.2", "@oven/bun-linux-aarch64": "1.3.2", "@oven/bun-linux-aarch64-musl": "1.3.2", "@oven/bun-linux-x64": "1.3.2", "@oven/bun-linux-x64-baseline": "1.3.2", "@oven/bun-linux-x64-musl": "1.3.2", "@oven/bun-linux-x64-musl-baseline": "1.3.2", "@oven/bun-windows-x64": "1.3.2", "@oven/bun-windows-x64-baseline": "1.3.2" }, "os": [ "linux", "win32", "darwin", ], "cpu": [ "x64", "arm64", ], "bin": { "bun": "bin/bun.exe", "bunx": "bin/bunx.exe" } }, "sha512-x75mPJiEfhO1j4Tfc65+PtW6ZyrAB6yTZInydnjDZXF9u9PRAnr6OK3v0Q9dpDl0dxRHkXlYvJ8tteJxc8t4Sw=="],

    "bun-plugin-tailwind": ["bun-plugin-tailwind@0.1.2", "", { "peerDependencies": { "bun": ">=1.0.0" } }, "sha512-41jNC1tZRSK3s1o7pTNrLuQG8kL/0vR/JgiTmZAJ1eHwe0w5j6HFPKeqEk0WAD13jfrUC7+ULuewFBBCoADPpg=="],

    "bun-types": ["bun-types@1.3.3", "", { "dependencies": { "@types/node": "*" } }, "sha512-z3Xwlg7j2l9JY27x5Qn3Wlyos8YAp0kKRlrePAOjgjMGS5IG6E7Jnlx736vH9UVI4wUICwwhC9anYL++XeOgTQ=="],

    "csstype": ["csstype@3.2.3", "", {}, "sha512-z1HGKcYy2xA8AGQfwrn0PAy+PB7X/GSj3UVJW9qKyn43xWa+gl5nXmU4qqLMRzWVLFC8KusUX8T/0kCiOYpAIQ=="],

    "earcut": ["earcut@3.0.2", "", {}, "sha512-X7hshQbLyMJ/3RPhyObLARM2sNxxmRALLKx1+NVFFnQ9gKzmCrxm9+uLIAdBcvc8FNLpctqlQ2V6AE92Ol9UDQ=="],

    "eventemitter3": ["eventemitter3@5.0.1", "", {}, "sha512-GWkBvjiSZK87ELrYOSESUYeVIc9mvLLf/nXalMOS5dYrgZq9o5OVkbZAVM06CVxYsCwH9BDZFPlQTlPA1j4ahA=="],

    "gifuct-js": ["gifuct-js@2.1.2", "", { "dependencies": { "js-binary-schema-parser": "^2.0.3" } }, "sha512-rI2asw77u0mGgwhV3qA+OEgYqaDn5UNqgs+Bx0FGwSpuqfYn+Ir6RQY5ENNQ8SbIiG/m5gVa7CD5RriO4f4Lsg=="],

    "ismobilejs": ["ismobilejs@1.1.1", "", {}, "sha512-VaFW53yt8QO61k2WJui0dHf4SlL8lxBofUuUmwBo0ljPk0Drz2TiuDW4jo3wDcv41qy/SxrJ+VAzJ/qYqsmzRw=="],

    "js-binary-schema-parser": ["js-binary-schema-parser@2.0.3", "", {}, "sha512-xezGJmOb4lk/M1ZZLTR/jaBHQ4gG/lqQnJqdIv4721DMggsa1bDVlHXNeHYogaIEHD9vCRv0fcL4hMA+Coarkg=="],

    "oxlint": ["oxlint@1.59.0", "", { "optionalDependencies": { "@oxlint/binding-android-arm-eabi": "1.59.0", "@oxlint/binding-android-arm64": "1.59.0", "@oxlint/binding-darwin-arm64": "1.59.0", "@oxlint/binding-darwin-x64": "1.59.0", "@oxlint/binding-freebsd-x64": "1.59.0", "@oxlint/binding-linux-arm-gnueabihf": "1.59.0", "@oxlint/binding-linux-arm-musleabihf": "1.59.0", "@oxlint/binding-linux-arm64-gnu": "1.59.0", "@oxlint/binding-linux-arm64-musl": "1.59.0", "@oxlint/binding-linux-ppc64-gnu": "1.59.0", "@oxlint/binding-linux-riscv64-gnu": "1.59.0", "@oxlint/binding-linux-riscv64-musl": "1.59.0", "@oxlint/binding-linux-s390x-gnu": "1.59.0", "@oxlint/binding-linux-x64-gnu": "1.59.0", "@oxlint/binding-linux-x64-musl": "1.59.0", "@oxlint/binding-openharmony-arm64": "1.59.0", "@oxlint/binding-win32-arm64-msvc": "1.59.0", "@oxlint/binding-win32-ia32-msvc": "1.59.0", "@oxlint/binding-win32-x64-msvc": "1.59.0" }, "peerDependencies": { "oxlint-tsgolint": ">=0.18.0" }, "optionalPeers": ["oxlint-tsgolint"], "bin": { "oxlint": "bin/oxlint" } }, "sha512-0xBLeGGjP4vD9pygRo8iuOkOzEU1MqOnfiOl7KYezL/QvWL8NUg6n03zXc7ZVqltiOpUxBk2zgHI3PnRIEdAvw=="],

    "oxlint-tsgolint": ["oxlint-tsgolint@0.20.0", "", { "optionalDependencies": { "@oxlint-tsgolint/darwin-arm64": "0.20.0", "@oxlint-tsgolint/darwin-x64": "0.20.0", "@oxlint-tsgolint/linux-arm64": "0.20.0", "@oxlint-tsgolint/linux-x64": "0.20.0", "@oxlint-tsgolint/win32-arm64": "0.20.0", "@oxlint-tsgolint/win32-x64": "0.20.0" }, "bin": { "tsgolint": "bin/tsgolint.js" } }, "sha512-/Uc9TQyN1l8w9QNvXtVHYtz+SzDJHKpb5X0UnHodl0BVzijUPk0LPlDOHAvogd1UI+iy9ZSF6gQxEqfzUxCULQ=="],

    "parse-svg-path": ["parse-svg-path@0.1.2", "", {}, "sha512-JyPSBnkTJ0AI8GGJLfMXvKq42cj5c006fnLz6fXy6zfoVjJizi8BNTpu8on8ziI1cKy9d9DGNuY17Ce7wuejpQ=="],

    "pixi.js": ["pixi.js@8.14.3", "", { "dependencies": { "@pixi/colord": "^2.9.6", "@types/css-font-loading-module": "^0.0.12", "@types/earcut": "^3.0.0", "@webgpu/types": "^0.1.40", "@xmldom/xmldom": "^0.8.10", "earcut": "^3.0.2", "eventemitter3": "^5.0.1", "gifuct-js": "^2.1.2", "ismobilejs": "^1.1.1", "parse-svg-path": "^0.1.2", "tiny-lru": "^11.4.5" } }, "sha512-6xGYARV8D9E/fO1c2NmYn+k2dQ5oZldVm5tNlLQJ8obTlOQXdL5QpMc217qTpRyHVDFaw5eoFCLF1gr6p5ZcjQ=="],

    "react": ["react@19.2.0", "", {}, "sha512-tmbWg6W31tQLeB5cdIBOicJDJRR2KzXsV7uSK9iNfLWQ5bIZfxuPEHp7M8wiHyHnn0DD1i7w3Zmin0FtkrwoCQ=="],

    "react-dom": ["react-dom@19.2.0", "", { "dependencies": { "scheduler": "^0.27.0" }, "peerDependencies": { "react": "^19.2.0" } }, "sha512-UlbRu4cAiGaIewkPyiRGJk0imDN2T3JjieT6spoL2UeSf5od4n5LB/mQ4ejmxhCFT1tYe8IvaFulzynWovsEFQ=="],

    "scheduler": ["scheduler@0.27.0", "", {}, "sha512-eNv+WrVbKu1f3vbYJT/xtiF5syA5HPIMtf9IgY/nKg0sWqzAUEvqY/xm7OcZc/qafLx/iO9FgOmeSAp4v5ti/Q=="],

    "tailwindcss": ["tailwindcss@4.1.17", "", {}, "sha512-j9Ee2YjuQqYT9bbRTfTZht9W/ytp5H+jJpZKiYdP/bpnXARAuELt9ofP0lPnmHjbga7SNQIxdTAXCmtKVYjN+Q=="],

    "tiny-lru": ["tiny-lru@11.4.5", "", {}, "sha512-hkcz3FjNJfKXjV4mjQ1OrXSLAehg8Hw+cEZclOVT+5c/cWQWImQ9wolzTjth+dmmDe++p3bme3fTxz6Q4Etsqw=="],

    "undici-types": ["undici-types@7.16.0", "", {}, "sha512-Zz+aZWSj8LE6zoxD+xrjh4VfkIG8Ya6LvYkZqtUQGJPZjYl53ypCaUwWqo7eI0x66KBGeRo+mlBEkMSeSZ38Nw=="],

    "unique-names-generator": ["unique-names-generator@4.7.1", "", {}, "sha512-lMx9dX+KRmG8sq6gulYYpKWZc9RlGsgBR6aoO8Qsm3qvkSJ+3rAymr+TnV8EDMrIrwuFJ4kruzMWM/OpYzPoow=="],

    "zustand": ["zustand@5.0.8", "", { "peerDependencies": { "@types/react": ">=18.0.0", "immer": ">=9.0.6", "react": ">=18.0.0", "use-sync-external-store": ">=1.2.0" }, "optionalPeers": ["@types/react", "immer", "react", "use-sync-external-store"] }, "sha512-gyPKpIaxY9XcO2vSMrLbiER7QMAMGOQZVRdJ6Zi782jkbzZygq5GI9nG8g+sMgitRtndwaBSl7uiqC49o1SSiw=="],
  }
}
